
Microsoft Visual Studio Solution File, Format Version 12.00
Project("{FAE04EC0-301F-11D3-BF4B-00C04F79EFBC}") = "Diagonostyka.WebApi", "Diagonostyka.WebApi\Diagonostyka.WebApi.csproj", "{38B6E8F7-CD6E-46D8-B7EF-ECC90E9389D4}"
EndProject
Project("{FAE04EC0-301F-11D3-BF4B-00C04F79EFBC}") = "Infrastructure", "Infrastructure\Infrastructure.csproj", "{A89630FA-13CB-4F8E-AE49-04346F01F3DD}"
EndProject
Project("{FAE04EC0-301F-11D3-BF4B-00C04F79EFBC}") = "Domain", "Domain\Domain.csproj", "{0811E0DA-E9A6-4D8E-8907-E5A274AA9536}"
EndProject
Project("{2150E333-8FDC-42A3-9474-1A3956D46DE8}") = "tests", "tests", "{77FE8DED-57FD-4A4D-B831-6D74869FE34A}"
EndProject
Project("{2150E333-8FDC-42A3-9474-1A3956D46DE8}") = "src", "src", "{19B457BF-A592-434B-A034-AF06EA3AA34D}"
EndProject
Project("{FAE04EC0-301F-11D3-BF4B-00C04F79EFBC}") = "Application", "Application\Application.csproj", "{44B34A71-6B75-409B-AA5C-138B4C2EC2C1}"
EndProject
Project("{FAE04EC0-301F-11D3-BF4B-00C04F79EFBC}") = "Application.IntegrationTests", "tests\Application.IntegrationTests\Application.IntegrationTests.csproj", "{3044DB8D-8B2B-4E42-9E35-259843E53646}"
EndProject
Project("{FAE04EC0-301F-11D3-BF4B-00C04F79EFBC}") = "Application.UnitTests", "tests\Application.UnitTests\Application.UnitTests.csproj", "{D940A60D-9B35-482E-B454-418C3092C61E}"
EndProject
Global
	GlobalSection(SolutionConfigurationPlatforms) = preSolution
		Debug|Any CPU = Debug|Any CPU
		Release|Any CPU = Release|Any CPU
	EndGlobalSection
	GlobalSection(ProjectConfigurationPlatforms) = postSolution
		{38B6E8F7-CD6E-46D8-B7EF-ECC90E9389D4}.Debug|Any CPU.ActiveCfg = Debug|Any CPU
		{38B6E8F7-CD6E-46D8-B7EF-ECC90E9389D4}.Debug|Any CPU.Build.0 = Debug|Any CPU
		{38B6E8F7-CD6E-46D8-B7EF-ECC90E9389D4}.Release|Any CPU.ActiveCfg = Release|Any CPU
		{38B6E8F7-CD6E-46D8-B7EF-ECC90E9389D4}.Release|Any CPU.Build.0 = Release|Any CPU
		{A89630FA-13CB-4F8E-AE49-04346F01F3DD}.Debug|Any CPU.ActiveCfg = Debug|Any CPU
		{A89630FA-13CB-4F8E-AE49-04346F01F3DD}.Debug|Any CPU.Build.0 = Debug|Any CPU
		{A89630FA-13CB-4F8E-AE49-04346F01F3DD}.Release|Any CPU.ActiveCfg = Release|Any CPU
		{A89630FA-13CB-4F8E-AE49-04346F01F3DD}.Release|Any CPU.Build.0 = Release|Any CPU
		{0811E0DA-E9A6-4D8E-8907-E5A274AA9536}.Debug|Any CPU.ActiveCfg = Debug|Any CPU
		{0811E0DA-E9A6-4D8E-8907-E5A274AA9536}.Debug|Any CPU.Build.0 = Debug|Any CPU
		{0811E0DA-E9A6-4D8E-8907-E5A274AA9536}.Release|Any CPU.ActiveCfg = Release|Any CPU
		{0811E0DA-E9A6-4D8E-8907-E5A274AA9536}.Release|Any CPU.Build.0 = Release|Any CPU
		{44B34A71-6B75-409B-AA5C-138B4C2EC2C1}.Debug|Any CPU.ActiveCfg = Debug|Any CPU
		{44B34A71-6B75-409B-AA5C-138B4C2EC2C1}.Debug|Any CPU.Build.0 = Debug|Any CPU
		{44B34A71-6B75-409B-AA5C-138B4C2EC2C1}.Release|Any CPU.ActiveCfg = Release|Any CPU
		{44B34A71-6B75-409B-AA5C-138B4C2EC2C1}.Release|Any CPU.Build.0 = Release|Any CPU
		{3044DB8D-8B2B-4E42-9E35-259843E53646}.Debug|Any CPU.ActiveCfg = Debug|Any CPU
		{3044DB8D-8B2B-4E42-9E35-259843E53646}.Debug|Any CPU.Build.0 = Debug|Any CPU
		{3044DB8D-8B2B-4E42-9E35-259843E53646}.Release|Any CPU.ActiveCfg = Release|Any CPU
		{3044DB8D-8B2B-4E42-9E35-259843E53646}.Release|Any CPU.Build.0 = Release|Any CPU
		{D940A60D-9B35-482E-B454-418C3092C61E}.Debug|Any CPU.ActiveCfg = Debug|Any CPU
		{D940A60D-9B35-482E-B454-418C3092C61E}.Debug|Any CPU.Build.0 = Debug|Any CPU
		{D940A60D-9B35-482E-B454-418C3092C61E}.Release|Any CPU.ActiveCfg = Release|Any CPU
		{D940A60D-9B35-482E-B454-418C3092C61E}.Release|Any CPU.Build.0 = Release|Any CPU
	EndGlobalSection
	GlobalSection(NestedProjects) = preSolution
		{0811E0DA-E9A6-4D8E-8907-E5A274AA9536} = {19B457BF-A592-434B-A034-AF06EA3AA34D}
		{A89630FA-13CB-4F8E-AE49-04346F01F3DD} = {19B457BF-A592-434B-A034-AF06EA3AA34D}
		{44B34A71-6B75-409B-AA5C-138B4C2EC2C1} = {19B457BF-A592-434B-A034-AF06EA3AA34D}
		{3044DB8D-8B2B-4E42-9E35-259843E53646} = {77FE8DED-57FD-4A4D-B831-6D74869FE34A}
		{D940A60D-9B35-482E-B454-418C3092C61E} = {77FE8DED-57FD-4A4D-B831-6D74869FE34A}
	EndGlobalSection
EndGlobal
